
Microsoft Visual Studio Solution File, Format Version 12.00
# Visual Studio Version 17
VisualStudioVersion = 17.6.33829.357
MinimumVisualStudioVersion = 10.0.40219.1
Project("{FAE04EC0-301F-11D3-BF4B-00C04F79EFBC}") = "ExpressionsPlays", "ExpressionsPlays\ExpressionsPlays.csproj", "{1E043AAD-0DD1-4C34-ABE3-70606392AFCE}"
EndProject
Global
	GlobalSection(SolutionConfigurationPlatforms) = preSolution
		Debug|Any CPU = Debug|Any CPU
		Release|Any CPU = Release|Any CPU
	EndGlobalSection
	GlobalSection(ProjectConfigurationPlatforms) = postSolution
		{1E043AAD-0DD1-4C34-ABE3-70606392AFCE}.Debug|Any CPU.ActiveCfg = Debug|Any CPU
		{1E043AAD-0DD1-4C34-ABE3-70606392AFCE}.Debug|Any CPU.Build.0 = Debug|Any CPU
		{1E043AAD-0DD1-4C34-ABE3-70606392AFCE}.Release|Any CPU.ActiveCfg = Release|Any CPU
		{1E043AAD-0DD1-4C34-ABE3-70606392AFCE}.Release|Any CPU.Build.0 = Release|Any CPU
	EndGlobalSection
	GlobalSection(SolutionProperties) = preSolution
		HideSolutionNode = FALSE
	EndGlobalSection
	GlobalSection(ExtensibilityGlobals) = postSolution
		SolutionGuid = {1EC25CE8-3608-4DB4-8D8F-E5D9F8591EA6}
	EndGlobalSection
EndGlobal
